{
  "name": "@vkastanenka/devbook-validation",
  "version": "0.0.1",
  "lockfileVersion": 3,
  "requires": true,
  "packages": {
    "": {
      "name": "@vkastanenka/devbook-validation",
      "version": "0.0.1",
      "license": "ISC",
      "dependencies": {
        "validator": "^13.12.0",
        "zod": "^3.23.8"
      },
      "devDependencies": {
        "@types/node": "^22.9.1",
        "@types/validator": "^13.12.2",
        "@vkastanenka/devbook-types": "^0.0.2",
        "typescript": "^5.6.3"
      }
    },
    "node_modules/@prisma/client": {
      "version": "5.22.0",
      "resolved": "https://registry.npmjs.org/@prisma/client/-/client-5.22.0.tgz",
      "integrity": "sha512-M0SVXfyHnQREBKxCgyo7sffrKttwE6R8PMq330MIUF0pTwjUhLbW84pFDlf06B27XyCR++VtjugEnIHdr07SVA==",
      "dev": true,
      "hasInstallScript": true,
      "license": "Apache-2.0",
      "peer": true,
      "engines": {
        "node": ">=16.13"
      },
      "peerDependencies": {
        "prisma": "*"
      },
      "peerDependenciesMeta": {
        "prisma": {
          "optional": true
        }
      }
    },
    "node_modules/@types/node": {
      "version": "22.9.1",
      "resolved": "https://registry.npmjs.org/@types/node/-/node-22.9.1.tgz",
      "integrity": "sha512-p8Yy/8sw1caA8CdRIQBG5tiLHmxtQKObCijiAa9Ez+d4+PRffM4054xbju0msf+cvhJpnFEeNjxmVT/0ipktrg==",
      "dev": true,
      "license": "MIT",
      "dependencies": {
        "undici-types": "~6.19.8"
      }
    },
    "node_modules/@types/validator": {
      "version": "13.12.2",
      "resolved": "https://registry.npmjs.org/@types/validator/-/validator-13.12.2.tgz",
      "integrity": "sha512-6SlHBzUW8Jhf3liqrGGXyTJSIFe4nqlJ5A5KaMZ2l/vbM3Wh3KSybots/wfWVzNLK4D1NZluDlSQIbIEPx6oyA==",
      "dev": true,
      "license": "MIT"
    },
    "node_modules/@vkastanenka/devbook-prisma": {
      "version": "0.0.1",
      "resolved": "https://registry.npmjs.org/@vkastanenka/devbook-prisma/-/devbook-prisma-0.0.1.tgz",
      "integrity": "sha512-+tM6Jk9GYIIvktO3n7acDkou78rg++Y9OSSG+ja/Vj6GGXUJsRj/iVz8XfQNytHzHhwZpB3Rkci3tKS0qQ6gvQ==",
      "dev": true,
      "hasInstallScript": true,
      "license": "UNLICENSED",
      "peerDependencies": {
        "@prisma/client": ">=5"
      }
    },
    "node_modules/@vkastanenka/devbook-types": {
      "version": "0.0.2",
      "resolved": "https://registry.npmjs.org/@vkastanenka/devbook-types/-/devbook-types-0.0.2.tgz",
      "integrity": "sha512-K1SOEg0ByRUZnsOzkrL7ZkfCd0JunVn2gDiD+LaERMIdybVkvS1iF3u588JW9kaXdf4B1Bcq2a453VkeAmnQeA==",
      "dev": true,
      "license": "ISC",
      "dependencies": {
        "@vkastanenka/devbook-prisma": "^0.0.1"
      }
    },
    "node_modules/typescript": {
      "version": "5.6.3",
      "resolved": "https://registry.npmjs.org/typescript/-/typescript-5.6.3.tgz",
      "integrity": "sha512-hjcS1mhfuyi4WW8IWtjP7brDrG2cuDZukyrYrSauoXGNgx0S7zceP07adYkJycEr56BOUTNPzbInooiN3fn1qw==",
      "dev": true,
      "license": "Apache-2.0",
      "bin": {
        "tsc": "bin/tsc",
        "tsserver": "bin/tsserver"
      },
      "engines": {
        "node": ">=14.17"
      }
    },
    "node_modules/undici-types": {
      "version": "6.19.8",
      "resolved": "https://registry.npmjs.org/undici-types/-/undici-types-6.19.8.tgz",
      "integrity": "sha512-ve2KP6f/JnbPBFyobGHuerC9g1FYGn/F8n1LWTwNxCEzd6IfqTwUQcNXgEtmmQ6DlRrC1hrSrBnCZPokRrDHjw==",
      "dev": true,
      "license": "MIT"
    },
    "node_modules/validator": {
      "version": "13.12.0",
      "resolved": "https://registry.npmjs.org/validator/-/validator-13.12.0.tgz",
      "integrity": "sha512-c1Q0mCiPlgdTVVVIJIrBuxNicYE+t/7oKeI9MWLj3fh/uq2Pxh/3eeWbVZ4OcGW1TUf53At0njHw5SMdA3tmMg==",
      "license": "MIT",
      "engines": {
        "node": ">= 0.10"
      }
    },
    "node_modules/zod": {
      "version": "3.23.8",
      "resolved": "https://registry.npmjs.org/zod/-/zod-3.23.8.tgz",
      "integrity": "sha512-XBx9AXhXktjUqnepgTiE5flcKIYWi/rme0Eaj+5Y0lftuGBq+jyRu/md4WnuxqgP1ubdpNCsYEYPxrzVHD8d6g==",
      "license": "MIT",
      "funding": {
        "url": "https://github.com/sponsors/colinhacks"
      }
    }
  }
}
